<?xml version="1.0" encoding="utf-8"?>
<Project ToolsVersion="4.0" xmlns="http://schemas.microsoft.com/developer/msbuild/2003">
  <ItemGroup>
    <Filter Include="Source Files">
      <UniqueIdentifier>{eedf40fc-a68d-4dfc-bbb8-5ddc97457e57}</UniqueIdentifier>
      <Extensions>cpp;c;cxx;rc;def;r;odl;idl;hpj;bat</Extensions>
    </Filter>
    <Filter Include="Header Files">
      <UniqueIdentifier>{6745aaee-77a8-4a81-86ab-7d3b396914bf}</UniqueIdentifier>
      <Extensions>h;hpp;hxx;hm;inl</Extensions>
    </Filter>
    <Filter Include="Resource Files">
      <UniqueIdentifier>{f48aaed6-47f0-42ac-84b6-3ab726faf61f}</UniqueIdentifier>
      <Extensions>ico;cur;bmp;dlg;rc2;rct;bin;rgs;gif;jpg;jpeg;jpe</Extensions>
    </Filter>
  </ItemGroup>
  <ItemGroup>
    <ClCompile Include="ado.cpp">
      <Filter>Source Files</Filter>
    </ClCompile>
    <ClCompile Include="CustomListCellCtrl.cpp">
      <Filter>Source Files</Filter>
    </ClCompile>
    <ClCompile Include="CustomListCtrl.cpp">
      <Filter>Source Files</Filter>
    </ClCompile>
    <ClCompile Include="CustomListHeaderCtrl.cpp">
      <Filter>Source Files</Filter>
    </ClCompile>
    <ClCompile Include="InsertRowDialog.cpp">
      <Filter>Source Files</Filter>
    </ClCompile>
    <ClCompile Include="LoginDialog.cpp">
      <Filter>Source Files</Filter>
    </ClCompile>
    <ClCompile Include="StdAfx.cpp">
      <Filter>Source Files</Filter>
    </ClCompile>
    <ClCompile Include="TinySMMS.cpp">
      <Filter>Source Files</Filter>
    </ClCompile>
    <ClCompile Include="TinySMMSDlg.cpp">
      <Filter>Source Files</Filter>
    </ClCompile>
  </ItemGroup>
  <ItemGroup>
    <ResourceCompile Include="TinySMMS.rc">
      <Filter>Source Files</Filter>
    </ResourceCompile>
  </ItemGroup>
  <ItemGroup>
    <ClInclude Include="ado.h">
      <Filter>Header Files</Filter>
    </ClInclude>
    <ClInclude Include="CustomListCellCtrl.h">
      <Filter>Header Files</Filter>
    </ClInclude>
    <ClInclude Include="CustomListConstant.h">
      <Filter>Header Files</Filter>
    </ClInclude>
    <ClInclude Include="CustomListCtrl.h">
      <Filter>Header Files</Filter>
    </ClInclude>
    <ClInclude Include="CustomListHeaderCtrl.h">
      <Filter>Header Files</Filter>
    </ClInclude>
    <ClInclude Include="CustomListStruct.h">
      <Filter>Header Files</Filter>
    </ClInclude>
    <ClInclude Include="InsertRowDialog.h">
      <Filter>Header Files</Filter>
    </ClInclude>
    <ClInclude Include="LoginDialog.h">
      <Filter>Header Files</Filter>
    </ClInclude>
    <ClInclude Include="Resource.h">
      <Filter>Header Files</Filter>
    </ClInclude>
    <ClInclude Include="StdAfx.h">
      <Filter>Header Files</Filter>
    </ClInclude>
    <ClInclude Include="TinySMMS.h">
      <Filter>Header Files</Filter>
    </ClInclude>
    <ClInclude Include="TinySMMSDlg.h">
      <Filter>Header Files</Filter>
    </ClInclude>
  </ItemGroup>
  <ItemGroup>
    <None Include="res\icon1.ico">
      <Filter>Resource Files</Filter>
    </None>
    <None Include="res\TinySMMS.ico">
      <Filter>Resource Files</Filter>
    </None>
    <None Include="res\TinySMMS.rc2">
      <Filter>Resource Files</Filter>
    </None>
    <None Include="res\usertile29.bmp">
      <Filter>Resource Files</Filter>
    </None>
    <None Include="ReadMe.txt" />
  </ItemGroup>
</Project>